
Microsoft Visual Studio Solution File, Format Version 12.00
# Visual Studio 15
VisualStudioVersion = 15.0.26228.102
MinimumVisualStudioVersion = 10.0.40219.1
Project("{FAE04EC0-301F-11D3-BF4B-00C04F79EFBC}") = "WebNangCao - ThucHanh", "WebNangCao - ThucHanh\WebNangCao - ThucHanh.csproj", "{A1103653-9249-4893-BD16-C73675687ECB}"
EndProject
Global
	GlobalSection(SolutionConfigurationPlatforms) = preSolution
		Debug|Any CPU = Debug|Any CPU
		Release|Any CPU = Release|Any CPU
	EndGlobalSection
	GlobalSection(ProjectConfigurationPlatforms) = postSolution
		{A1103653-9249-4893-BD16-C73675687ECB}.Debug|Any CPU.ActiveCfg = Debug|Any CPU
		{A1103653-9249-4893-BD16-C73675687ECB}.Debug|Any CPU.Build.0 = Debug|Any CPU
		{A1103653-9249-4893-BD16-C73675687ECB}.Release|Any CPU.ActiveCfg = Release|Any CPU
		{A1103653-9249-4893-BD16-C73675687ECB}.Release|Any CPU.Build.0 = Release|Any CPU
	EndGlobalSection
	GlobalSection(SolutionProperties) = preSolution
		HideSolutionNode = FALSE
	EndGlobalSection
EndGlobal
